
Microsoft Visual Studio Solution File, Format Version 12.00
# Visual Studio Version 17
VisualStudioVersion = 17.10.35013.160
MinimumVisualStudioVersion = 10.0.40219.1
Project("{2150E333-8FDC-42A3-9474-1A3956D46DE8}") = "SQL", "SQL", "{E2261B31-8071-481F-AC3A-0208A85AC073}"
	ProjectSection(SolutionItems) = preProject
		01_Recyclable-and-Low-Fat-Products.sql = 01_Recyclable-and-Low-Fat-Products.sql
		SQL\01_Recyclable-and-Low-Fat-Products.sql = SQL\01_Recyclable-and-Low-Fat-Products.sql
		02_Find-Customer_Referee.sql = 02_Find-Customer_Referee.sql
		SQL\02_Find-Customer_Referee.sql = SQL\02_Find-Customer_Referee.sql
		03_Big-Countries.sql = 03_Big-Countries.sql
		SQL\03_Big-Countries.sql = SQL\03_Big-Countries.sql
		04_Article-Views.sql = 04_Article-Views.sql
		SQL\04_Article-Views.sql = SQL\04_Article-Views.sql
		05_Invalid-Tweets.sql = 05_Invalid-Tweets.sql
		SQL\05_Invalid-Tweets.sql = SQL\05_Invalid-Tweets.sql
		06_Replace-Employee-ID-With-The-Unique-Identifier.sql = 06_Replace-Employee-ID-With-The-Unique-Identifier.sql
		SQL\06_Replace-Employee-ID-With-The-Unique-Identifier.sql = SQL\06_Replace-Employee-ID-With-The-Unique-Identifier.sql
		07_Product-Sales-Analysis-I.sql = 07_Product-Sales-Analysis-I.sql
		SQL\07_Product-Sales-Analysis-I.sql = SQL\07_Product-Sales-Analysis-I.sql
		08_Customer-Who-Visited-but-Did-Not-Make-Any-Transactions.sql = 08_Customer-Who-Visited-but-Did-Not-Make-Any-Transactions.sql
		SQL\08_Customer-Who-Visited-but-Did-Not-Make-Any-Transactions.sql = SQL\08_Customer-Who-Visited-but-Did-Not-Make-Any-Transactions.sql
		09_Rising-Temperature.sql = 09_Rising-Temperature.sql
		SQL\09_Rising-Temperature.sql = SQL\09_Rising-Temperature.sql
		10_Average-Time-of-Process-per-Machine.sql = 10_Average-Time-of-Process-per-Machine.sql
		SQL\10_Average-Time-of-Process-per-Machine.sql = SQL\10_Average-Time-of-Process-per-Machine.sql
		11_Employee-Bonus.sql = 11_Employee-Bonus.sql
		SQL\11_Employee-Bonus.sql = SQL\11_Employee-Bonus.sql
		12_Students-and-Examinations.sql = 12_Students-and-Examinations.sql
		SQL\12_Students-and-Examinations.sql = SQL\12_Students-and-Examinations.sql
		13_Managers-with-at-least-5-Direct-Reports.sql = 13_Managers-with-at-least-5-Direct-Reports.sql
		SQL\13_Managers-with-at-least-5-Direct-Reports.sql = SQL\13_Managers-with-at-least-5-Direct-Reports.sql
		14_Confirmation-Rate.sql = 14_Confirmation-Rate.sql
		SQL\14_Confirmation-Rate.sql = SQL\14_Confirmation-Rate.sql
		15_Not-Boring-Movies.sql = 15_Not-Boring-Movies.sql
		SQL\15_Not-Boring-Movies.sql = SQL\15_Not-Boring-Movies.sql
		16_Average-Selling-Price.sql = 16_Average-Selling-Price.sql
		SQL\16_Average-Selling-Price.sql = SQL\16_Average-Selling-Price.sql
		17_Project-Employess-I.sql = 17_Project-Employess-I.sql
		SQL\17_Project-Employess-I.sql = SQL\17_Project-Employess-I.sql
		18_Percentage-of-Users-Attended-a-Contest.sql = 18_Percentage-of-Users-Attended-a-Contest.sql
		SQL\18_Percentage-of-Users-Attended-a-Contest.sql = SQL\18_Percentage-of-Users-Attended-a-Contest.sql
		19_Queries-Quality-and-Percentage.sql = 19_Queries-Quality-and-Percentage.sql
		SQL\19_Queries-Quality-and-Percentage.sql = SQL\19_Queries-Quality-and-Percentage.sql
		20_Monthly-Transactions-I.sql = 20_Monthly-Transactions-I.sql
		SQL\20_Monthly-Transactions-I.sql = SQL\20_Monthly-Transactions-I.sql
		21_Immediate_Food_Delivery_II.sql = 21_Immediate_Food_Delivery_II.sql
		SQL\21_Immediate_Food_Delivery_II.sql = SQL\21_Immediate_Food_Delivery_II.sql
		22_Game-Play-Analysis-IV.sql = 22_Game-Play-Analysis-IV.sql
		SQL\22_Game-Play-Analysis-IV.sql = SQL\22_Game-Play-Analysis-IV.sql
		23_Number-of-Unique-Subjects-Taught-by-Each-Teacher.sql = 23_Number-of-Unique-Subjects-Taught-by-Each-Teacher.sql
		SQL\23_Number-of-Unique-Subjects-Taught-by-Each-Teacher.sql = SQL\23_Number-of-Unique-Subjects-Taught-by-Each-Teacher.sql
		24_User-Activity-for-the-Past-30-Days-I.sql = 24_User-Activity-for-the-Past-30-Days-I.sql
		SQL\24_User-Activity-for-the-Past-30-Days-I.sql = SQL\24_User-Activity-for-the-Past-30-Days-I.sql
		25_Product_Sales_Analysis_III.sql = 25_Product_Sales_Analysis_III.sql
		SQL\25_Product_Sales_Analysis_III.sql = SQL\25_Product_Sales_Analysis_III.sql
		26_Classes-More-Than-5-Students.sql = 26_Classes-More-Than-5-Students.sql
		SQL\26_Classes-More-Than-5-Students.sql = SQL\26_Classes-More-Than-5-Students.sql
		27_Find-Followers-Count.sql = 27_Find-Followers-Count.sql
		SQL\27_Find-Followers-Count.sql = SQL\27_Find-Followers-Count.sql
		28_Biggest-Single-Number.sql = 28_Biggest-Single-Number.sql
		SQL\28_Biggest-Single-Number.sql = SQL\28_Biggest-Single-Number.sql
		29_Customers-Who-Bought-All-Products.sql = 29_Customers-Who-Bought-All-Products.sql
		SQL\29_Customers-Who-Bought-All-Products.sql = SQL\29_Customers-Who-Bought-All-Products.sql
		30_The-Number-of-Employees-Which-Report-to-Each-Employee.sql = 30_The-Number-of-Employees-Which-Report-to-Each-Employee.sql
		SQL\30_The-Number-of-Employees-Which-Report-to-Each-Employee.sql = SQL\30_The-Number-of-Employees-Which-Report-to-Each-Employee.sql
		31_Primary-Department-for-Each-Employee.sql = 31_Primary-Department-for-Each-Employee.sql
		SQL\31_Primary-Department-for-Each-Employee.sql = SQL\31_Primary-Department-for-Each-Employee.sql
		32_Triangle-Judgement.sql = 32_Triangle-Judgement.sql
		SQL\32_Triangle-Judgement.sql = SQL\32_Triangle-Judgement.sql
		33_Consecutive-Numbers.sql = 33_Consecutive-Numbers.sql
		SQL\33_Consecutive-Numbers.sql = SQL\33_Consecutive-Numbers.sql
		34_Product-Price-at-a-Given-Date.sql = 34_Product-Price-at-a-Given-Date.sql
		SQL\34_Product-Price-at-a-Given-Date.sql = SQL\34_Product-Price-at-a-Given-Date.sql
		35_Last-Person-to-Fit-in-the-Bus.sql = 35_Last-Person-to-Fit-in-the-Bus.sql
		SQL\35_Last-Person-to-Fit-in-the-Bus.sql = SQL\35_Last-Person-to-Fit-in-the-Bus.sql
		36_Count-Salary-Categories.sql = 36_Count-Salary-Categories.sql
		SQL\36_Count-Salary-Categories.sql = SQL\36_Count-Salary-Categories.sql
		37_Employees-Whose-Manager-Left-the-Company.sql = 37_Employees-Whose-Manager-Left-the-Company.sql
		SQL\37_Employees-Whose-Manager-Left-the-Company.sql = SQL\37_Employees-Whose-Manager-Left-the-Company.sql
		38_Exchange_Seats.sql = 38_Exchange_Seats.sql
		SQL\38_Exchange_Seats.sql = SQL\38_Exchange_Seats.sql
		39_Movie-Rating.sql = 39_Movie-Rating.sql
		SQL\39_Movie-Rating.sql = SQL\39_Movie-Rating.sql
		40_Restaurant-Growth.sql = 40_Restaurant-Growth.sql
		SQL\40_Restaurant-Growth.sql = SQL\40_Restaurant-Growth.sql
		41_Friend-Requests-II-Who-Has-the-Most-Friends.sql = 41_Friend-Requests-II-Who-Has-the-Most-Friends.sql
		SQL\41_Friend-Requests-II-Who-Has-the-Most-Friends.sql = SQL\41_Friend-Requests-II-Who-Has-the-Most-Friends.sql
		42_Investmenst-in-2016.sql = 42_Investmenst-in-2016.sql
		SQL\42_Investmenst-in-2016.sql = SQL\42_Investmenst-in-2016.sql
		43_Department-Top-Three-Salaries.sql = 43_Department-Top-Three-Salaries.sql
		SQL\43_Department-Top-Three-Salaries.sql = SQL\43_Department-Top-Three-Salaries.sql
		44_Fix-Names-in-a-Table.sql = 44_Fix-Names-in-a-Table.sql
		SQL\44_Fix-Names-in-a-Table.sql = SQL\44_Fix-Names-in-a-Table.sql
		45_Patients-With-a-Condition.sql = 45_Patients-With-a-Condition.sql
		SQL\45_Patients-With-a-Condition.sql = SQL\45_Patients-With-a-Condition.sql
		46_Delete-Duplicate-Emails.sql = 46_Delete-Duplicate-Emails.sql
		SQL\46_Delete-Duplicate-Emails.sql = SQL\46_Delete-Duplicate-Emails.sql
		SQL\46_Second-Highest-Salary.sql = SQL\46_Second-Highest-Salary.sql
		47_Second-Highest-Salary.sql = 47_Second-Highest-Salary.sql
		SQL\47_Second-Highest-Salary.sql = SQL\47_Second-Highest-Salary.sql
		48_Group-Sold-Products-By-The-Date.sql = 48_Group-Sold-Products-By-The-Date.sql
		SQL\48_Group-Sold-Products-By-The-Date.sql = SQL\48_Group-Sold-Products-By-The-Date.sql
		49_List-the-Products-Ordered-in-aPeriod.sql = 49_List-the-Products-Ordered-in-aPeriod.sql
		SQL\49_List-the-Products-Ordered-in-aPeriod.sql = SQL\49_List-the-Products-Ordered-in-aPeriod.sql
		50_Find-Users-WIth-Valid-E-mails.sql = 50_Find-Users-WIth-Valid-E-mails.sql
		SQL\50_Find-Users-WIth-Valid-E-mails.sql = SQL\50_Find-Users-WIth-Valid-E-mails.sql
	EndProjectSection
EndProject
Project("{2150E333-8FDC-42A3-9474-1A3956D46DE8}") = "WeeklyContest", "WeeklyContest", "{006BB65C-12FF-4435-99D4-110BE38FAC81}"
EndProject
Project("{2150E333-8FDC-42A3-9474-1A3956D46DE8}") = "405", "405", "{396667C6-ECE0-452D-8F9F-A90143011E9C}"
EndProject
Project("{2150E333-8FDC-42A3-9474-1A3956D46DE8}") = "BiWeeklyContest", "BiWeeklyContest", "{0AE90596-FB41-4F95-8078-1B8C45C77BE5}"
EndProject
Project("{9A19103F-16F7-4668-BE54-9A1E7A4F7556}") = "134", "BiWeeklyContest\134\134.csproj", "{40EDB64A-D768-41F1-B4BE-AC7A7CD7EB73}"
EndProject
Project("{9A19103F-16F7-4668-BE54-9A1E7A4F7556}") = "405", "WeeklyContest\405\405.csproj", "{D2B7910D-7FAB-4DBF-A9D2-6D116B9FA57A}"
EndProject
Project("{9A19103F-16F7-4668-BE54-9A1E7A4F7556}") = "LeetCode75", "LeetCode75\LeetCode75.csproj", "{40842032-F582-4D61-9D1B-B64C5FC070EB}"
EndProject
Project("{9A19103F-16F7-4668-BE54-9A1E7A4F7556}") = "DailyChallenge", "DailyChallenge\DailyChallenge.csproj", "{9535565A-B7B6-4A2C-B953-41E38A103B6A}"
EndProject
Project("{9A19103F-16F7-4668-BE54-9A1E7A4F7556}") = "TopInterview150", "TopInterview150\TopInterview150.csproj", "{F9B3A7F6-D6EB-405D-8F33-0192FC3CC709}"
EndProject
Project("{2150E333-8FDC-42A3-9474-1A3956D46DE8}") = "Solution Items", "Solution Items", "{07617B0F-ADCA-4328-AD49-440325361381}"
	ProjectSection(SolutionItems) = preProject
		.editorconfig = .editorconfig
	EndProjectSection
EndProject
Global
	GlobalSection(SolutionConfigurationPlatforms) = preSolution
		Debug|Any CPU = Debug|Any CPU
		Release|Any CPU = Release|Any CPU
	EndGlobalSection
	GlobalSection(ProjectConfigurationPlatforms) = postSolution
		{40EDB64A-D768-41F1-B4BE-AC7A7CD7EB73}.Debug|Any CPU.ActiveCfg = Debug|Any CPU
		{40EDB64A-D768-41F1-B4BE-AC7A7CD7EB73}.Debug|Any CPU.Build.0 = Debug|Any CPU
		{40EDB64A-D768-41F1-B4BE-AC7A7CD7EB73}.Release|Any CPU.ActiveCfg = Release|Any CPU
		{40EDB64A-D768-41F1-B4BE-AC7A7CD7EB73}.Release|Any CPU.Build.0 = Release|Any CPU
		{D2B7910D-7FAB-4DBF-A9D2-6D116B9FA57A}.Debug|Any CPU.ActiveCfg = Debug|Any CPU
		{D2B7910D-7FAB-4DBF-A9D2-6D116B9FA57A}.Debug|Any CPU.Build.0 = Debug|Any CPU
		{D2B7910D-7FAB-4DBF-A9D2-6D116B9FA57A}.Release|Any CPU.ActiveCfg = Release|Any CPU
		{D2B7910D-7FAB-4DBF-A9D2-6D116B9FA57A}.Release|Any CPU.Build.0 = Release|Any CPU
		{40842032-F582-4D61-9D1B-B64C5FC070EB}.Debug|Any CPU.ActiveCfg = Debug|Any CPU
		{40842032-F582-4D61-9D1B-B64C5FC070EB}.Debug|Any CPU.Build.0 = Debug|Any CPU
		{40842032-F582-4D61-9D1B-B64C5FC070EB}.Release|Any CPU.ActiveCfg = Release|Any CPU
		{40842032-F582-4D61-9D1B-B64C5FC070EB}.Release|Any CPU.Build.0 = Release|Any CPU
		{9535565A-B7B6-4A2C-B953-41E38A103B6A}.Debug|Any CPU.ActiveCfg = Debug|Any CPU
		{9535565A-B7B6-4A2C-B953-41E38A103B6A}.Debug|Any CPU.Build.0 = Debug|Any CPU
		{9535565A-B7B6-4A2C-B953-41E38A103B6A}.Release|Any CPU.ActiveCfg = Release|Any CPU
		{9535565A-B7B6-4A2C-B953-41E38A103B6A}.Release|Any CPU.Build.0 = Release|Any CPU
		{F9B3A7F6-D6EB-405D-8F33-0192FC3CC709}.Debug|Any CPU.ActiveCfg = Debug|Any CPU
		{F9B3A7F6-D6EB-405D-8F33-0192FC3CC709}.Debug|Any CPU.Build.0 = Debug|Any CPU
		{F9B3A7F6-D6EB-405D-8F33-0192FC3CC709}.Release|Any CPU.ActiveCfg = Release|Any CPU
		{F9B3A7F6-D6EB-405D-8F33-0192FC3CC709}.Release|Any CPU.Build.0 = Release|Any CPU
	EndGlobalSection
	GlobalSection(SolutionProperties) = preSolution
		HideSolutionNode = FALSE
	EndGlobalSection
	GlobalSection(NestedProjects) = preSolution
		{396667C6-ECE0-452D-8F9F-A90143011E9C} = {006BB65C-12FF-4435-99D4-110BE38FAC81}
		{40EDB64A-D768-41F1-B4BE-AC7A7CD7EB73} = {0AE90596-FB41-4F95-8078-1B8C45C77BE5}
		{D2B7910D-7FAB-4DBF-A9D2-6D116B9FA57A} = {396667C6-ECE0-452D-8F9F-A90143011E9C}
	EndGlobalSection
	GlobalSection(ExtensibilityGlobals) = postSolution
		SolutionGuid = {E5DE9C29-828C-480B-907D-EF277EAC0A9F}
	EndGlobalSection
EndGlobal
